
Microsoft Visual Studio Solution File, Format Version 12.00
# Visual Studio Version 17
VisualStudioVersion = 17.14.36623.8 d17.14
MinimumVisualStudioVersion = 10.0.40219.1
Project("{FAE04EC0-301F-11D3-BF4B-00C04F79EFBC}") = "BlogAPI", "BlogAPI\BlogAPI.csproj", "{791F707F-6351-4AA1-9415-2C3186C73FCA}"
EndProject
Global
	GlobalSection(SolutionConfigurationPlatforms) = preSolution
		Debug|Any CPU = Debug|Any CPU
		Release|Any CPU = Release|Any CPU
	EndGlobalSection
	GlobalSection(ProjectConfigurationPlatforms) = postSolution
		{791F707F-6351-4AA1-9415-2C3186C73FCA}.Debug|Any CPU.ActiveCfg = Debug|Any CPU
		{791F707F-6351-4AA1-9415-2C3186C73FCA}.Debug|Any CPU.Build.0 = Debug|Any CPU
		{791F707F-6351-4AA1-9415-2C3186C73FCA}.Release|Any CPU.ActiveCfg = Release|Any CPU
		{791F707F-6351-4AA1-9415-2C3186C73FCA}.Release|Any CPU.Build.0 = Release|Any CPU
	EndGlobalSection
	GlobalSection(SolutionProperties) = preSolution
		HideSolutionNode = FALSE
	EndGlobalSection
	GlobalSection(ExtensibilityGlobals) = postSolution
		SolutionGuid = {3E2D6A4F-B45C-41AA-B223-18404384E821}
	EndGlobalSection
EndGlobal
